
Microsoft Visual Studio Solution File, Format Version 12.00
# Visual Studio Version 16
VisualStudioVersion = 16.0.32630.194
MinimumVisualStudioVersion = 10.0.40219.1
Project("{FAE04EC0-301F-11D3-BF4B-00C04F79EFBC}") = "driveinfoApp", "driveinfoApp.csproj", "{DC2FE18F-A36E-4719-B4F5-7E2832CECE49}"
EndProject
Global
	GlobalSection(SolutionConfigurationPlatforms) = preSolution
		Debug|Any CPU = Debug|Any CPU
		Release|Any CPU = Release|Any CPU
	EndGlobalSection
	GlobalSection(ProjectConfigurationPlatforms) = postSolution
		{DC2FE18F-A36E-4719-B4F5-7E2832CECE49}.Debug|Any CPU.ActiveCfg = Debug|Any CPU
		{DC2FE18F-A36E-4719-B4F5-7E2832CECE49}.Debug|Any CPU.Build.0 = Debug|Any CPU
		{DC2FE18F-A36E-4719-B4F5-7E2832CECE49}.Release|Any CPU.ActiveCfg = Release|Any CPU
		{DC2FE18F-A36E-4719-B4F5-7E2832CECE49}.Release|Any CPU.Build.0 = Release|Any CPU
	EndGlobalSection
	GlobalSection(SolutionProperties) = preSolution
		HideSolutionNode = FALSE
	EndGlobalSection
	GlobalSection(ExtensibilityGlobals) = postSolution
		SolutionGuid = {12EBC790-B965-4D56-BDF0-DCEB62785585}
	EndGlobalSection
EndGlobal
